
Microsoft Visual Studio Solution File, Format Version 12.00
# Visual Studio 15
VisualStudioVersion = 15.0.27703.2035
MinimumVisualStudioVersion = 10.0.40219.1
Project("{8BC9CEB8-8B4A-11D0-8D11-00A0C91BC942}") = "Project1", "Project1\Project1.vcxproj", "{D834D652-B869-4A24-93C6-B3D5A7B51446}"
EndProject
Global
	GlobalSection(SolutionConfigurationPlatforms) = preSolution
		Debug|x64 = Debug|x64
		Debug|x86 = Debug|x86
		Release|x64 = Release|x64
		Release|x86 = Release|x86
	EndGlobalSection
	GlobalSection(ProjectConfigurationPlatforms) = postSolution
		{D834D652-B869-4A24-93C6-B3D5A7B51446}.Debug|x64.ActiveCfg = Debug|x64
		{D834D652-B869-4A24-93C6-B3D5A7B51446}.Debug|x64.Build.0 = Debug|x64
		{D834D652-B869-4A24-93C6-B3D5A7B51446}.Debug|x86.ActiveCfg = Debug|Win32
		{D834D652-B869-4A24-93C6-B3D5A7B51446}.Debug|x86.Build.0 = Debug|Win32
		{D834D652-B869-4A24-93C6-B3D5A7B51446}.Release|x64.ActiveCfg = Release|x64
		{D834D652-B869-4A24-93C6-B3D5A7B51446}.Release|x64.Build.0 = Release|x64
		{D834D652-B869-4A24-93C6-B3D5A7B51446}.Release|x86.ActiveCfg = Release|Win32
		{D834D652-B869-4A24-93C6-B3D5A7B51446}.Release|x86.Build.0 = Release|Win32
	EndGlobalSection
	GlobalSection(SolutionProperties) = preSolution
		HideSolutionNode = FALSE
	EndGlobalSection
	GlobalSection(ExtensibilityGlobals) = postSolution
		SolutionGuid = {AFB00696-BC8D-443B-BA8E-3EA1BAD71EA7}
	EndGlobalSection
EndGlobal
